// !$*UTF8*$!
{
	archiveVersion = 1;
	classes = {
	};
	objectVersion = 50;
	objects = {

/* Begin PBXBuildFile section */
		3F074E48253FDD6800326FC0 /* TranslateResponse.swift in Sources */ = {isa = PBXBuildFile; fileRef = 3F074E47253FDD6800326FC0 /* TranslateResponse.swift */; };
		3F074E4F253FF17000326FC0 /* WeatherViewController.swift in Sources */ = {isa = PBXBuildFile; fileRef = 3FF4CDAF2533679C004DD82E /* WeatherViewController.swift */; };
		3F4ED5AE258ED8AD00069785 /* NetworkManagerWeatherMock.swift in Sources */ = {isa = PBXBuildFile; fileRef = 3F4ED5AD258ED8AD00069785 /* NetworkManagerWeatherMock.swift */; };
		3F62CC882564024800A8C60F /* AlertManagerController.swift in Sources */ = {isa = PBXBuildFile; fileRef = 3F62CC872564024800A8C60F /* AlertManagerController.swift */; };
		3F62CC902564332000A8C60F /* BaseViewController.swift in Sources */ = {isa = PBXBuildFile; fileRef = 3F62CC8F2564332000A8C60F /* BaseViewController.swift */; };
		3F895CAA259352DE006CA7D2 /* WeatherServiceTests.swift in Sources */ = {isa = PBXBuildFile; fileRef = 3F895CA9259352DE006CA7D2 /* WeatherServiceTests.swift */; };
		3F895CB5259359DD006CA7D2 /* UrlComponentsMock.swift in Sources */ = {isa = PBXBuildFile; fileRef = 3F895CB4259359DD006CA7D2 /* UrlComponentsMock.swift */; };
		3F895CBA25935A94006CA7D2 /* UrlComponentsProtocol.swift in Sources */ = {isa = PBXBuildFile; fileRef = 3F895CB925935A94006CA7D2 /* UrlComponentsProtocol.swift */; };
		3F8B99A325945E18007DFCC8 /* TranslateServiceTests.swift in Sources */ = {isa = PBXBuildFile; fileRef = 3F8B99A225945E18007DFCC8 /* TranslateServiceTests.swift */; };
		3F8B99A825945EB2007DFCC8 /* NetworkManagerTranslateMock.swift in Sources */ = {isa = PBXBuildFile; fileRef = 3F8B99A725945EB2007DFCC8 /* NetworkManagerTranslateMock.swift */; };
		3F8B99B0259CD077007DFCC8 /* URLSessionMock.swift in Sources */ = {isa = PBXBuildFile; fileRef = 3F8B99AF259CD077007DFCC8 /* URLSessionMock.swift */; };
		3F8B99B5259CD0FF007DFCC8 /* NetworkManagerTests.swift in Sources */ = {isa = PBXBuildFile; fileRef = 3F8B99B4259CD0FF007DFCC8 /* NetworkManagerTests.swift */; };
		3F8B99BA259CD1E1007DFCC8 /* CodableMock.swift in Sources */ = {isa = PBXBuildFile; fileRef = 3F8B99B9259CD1E1007DFCC8 /* CodableMock.swift */; };
		3F8B99BF259CD29C007DFCC8 /* UrlSessionDataTaskMock.swift in Sources */ = {isa = PBXBuildFile; fileRef = 3F8B99BE259CD29C007DFCC8 /* UrlSessionDataTaskMock.swift */; };
		3F8B99F2259CDC52007DFCC8 /* FakeJson.json in Resources */ = {isa = PBXBuildFile; fileRef = 3F8B99C7259CD736007DFCC8 /* FakeJson.json */; };
		3FA8EF692566102400C94AEB /* WeatherService.swift in Sources */ = {isa = PBXBuildFile; fileRef = 3FA8EF682566102400C94AEB /* WeatherService.swift */; };
		3FB72FEC253548FF0081CEE7 /* WeatherResponse.swift in Sources */ = {isa = PBXBuildFile; fileRef = 3FB72FEB253548FF0081CEE7 /* WeatherResponse.swift */; };
		3FB73010253550D60081CEE7 /* Main.storyboard in Resources */ = {isa = PBXBuildFile; fileRef = 3FF4CD6C252CDF6E004DD82E /* Main.storyboard */; };
		3FB7301525379B650081CEE7 /* TranslateViewController.swift in Sources */ = {isa = PBXBuildFile; fileRef = 3FB7301425379B650081CEE7 /* TranslateViewController.swift */; };
		3FDC9E7E257C3A4C00E8D90C /* Currency.swift in Sources */ = {isa = PBXBuildFile; fileRef = 3FDC9E7D257C3A4C00E8D90C /* Currency.swift */; };
		3FDC9E86257C923700E8D90C /* Language.swift in Sources */ = {isa = PBXBuildFile; fileRef = 3FDC9E85257C923700E8D90C /* Language.swift */; };
		3FDC9E8B257C92FF00E8D90C /* TranslateService.swift in Sources */ = {isa = PBXBuildFile; fileRef = 3FDC9E8A257C92FF00E8D90C /* TranslateService.swift */; };
		3FDC9E93258847EC00E8D90C /* CurrencyService.swift in Sources */ = {isa = PBXBuildFile; fileRef = 3FDC9E92258847EC00E8D90C /* CurrencyService.swift */; };
		3FDC9EA22589584900E8D90C /* NetworkManagerMock.swift in Sources */ = {isa = PBXBuildFile; fileRef = 3FDC9E9D2589583500E8D90C /* NetworkManagerMock.swift */; };
		3FF22E9C255CED5500FE13A7 /* NetworkManager.swift in Sources */ = {isa = PBXBuildFile; fileRef = 3FF22E9B255CED5500FE13A7 /* NetworkManager.swift */; };
		3FF22EA1255CEEC700FE13A7 /* NetworkManagerError.swift in Sources */ = {isa = PBXBuildFile; fileRef = 3FF22EA0255CEEC700FE13A7 /* NetworkManagerError.swift */; };
		3FF4CD67252CDF6E004DD82E /* AppDelegate.swift in Sources */ = {isa = PBXBuildFile; fileRef = 3FF4CD66252CDF6E004DD82E /* AppDelegate.swift */; };
		3FF4CD69252CDF6E004DD82E /* SceneDelegate.swift in Sources */ = {isa = PBXBuildFile; fileRef = 3FF4CD68252CDF6E004DD82E /* SceneDelegate.swift */; };
		3FF4CD70252CDF6F004DD82E /* Assets.xcassets in Resources */ = {isa = PBXBuildFile; fileRef = 3FF4CD6F252CDF6F004DD82E /* Assets.xcassets */; };
		3FF4CD73252CDF6F004DD82E /* LaunchScreen.storyboard in Resources */ = {isa = PBXBuildFile; fileRef = 3FF4CD71252CDF6F004DD82E /* LaunchScreen.storyboard */; };
		3FF4CD7E252CDF6F004DD82E /* CurrencyServiceTests.swift in Sources */ = {isa = PBXBuildFile; fileRef = 3FF4CD7D252CDF6F004DD82E /* CurrencyServiceTests.swift */; };
		3FF4CD89252CDF6F004DD82E /* Le_BaluchonUITests.swift in Sources */ = {isa = PBXBuildFile; fileRef = 3FF4CD88252CDF6F004DD82E /* Le_BaluchonUITests.swift */; };
		3FF4CD9F253352BC004DD82E /* CurrencyViewController.swift in Sources */ = {isa = PBXBuildFile; fileRef = 3FF4CD6A252CDF6E004DD82E /* CurrencyViewController.swift */; };
		3FF4CDAB25336038004DD82E /* CurrencyResponse.swift in Sources */ = {isa = PBXBuildFile; fileRef = 3FF4CDAA25336038004DD82E /* CurrencyResponse.swift */; };
/* End PBXBuildFile section */

/* Begin PBXContainerItemProxy section */
		3FF4CD7A252CDF6F004DD82E /* PBXContainerItemProxy */ = {
			isa = PBXContainerItemProxy;
			containerPortal = 3FF4CD5B252CDF6E004DD82E /* Project object */;
			proxyType = 1;
			remoteGlobalIDString = 3FF4CD62252CDF6E004DD82E;
			remoteInfo = "Le Baluchon";
		};
		3FF4CD85252CDF6F004DD82E /* PBXContainerItemProxy */ = {
			isa = PBXContainerItemProxy;
			containerPortal = 3FF4CD5B252CDF6E004DD82E /* Project object */;
			proxyType = 1;
			remoteGlobalIDString = 3FF4CD62252CDF6E004DD82E;
			remoteInfo = "Le Baluchon";
		};
/* End PBXContainerItemProxy section */

/* Begin PBXFileReference section */
		3F074E47253FDD6800326FC0 /* TranslateResponse.swift */ = {isa = PBXFileReference; lastKnownFileType = sourcecode.swift; path = TranslateResponse.swift; sourceTree = "<group>"; };
		3F4ED5AD258ED8AD00069785 /* NetworkManagerWeatherMock.swift */ = {isa = PBXFileReference; lastKnownFileType = sourcecode.swift; path = NetworkManagerWeatherMock.swift; sourceTree = "<group>"; };
		3F62CC872564024800A8C60F /* AlertManagerController.swift */ = {isa = PBXFileReference; lastKnownFileType = sourcecode.swift; path = AlertManagerController.swift; sourceTree = "<group>"; };
		3F62CC8F2564332000A8C60F /* BaseViewController.swift */ = {isa = PBXFileReference; lastKnownFileType = sourcecode.swift; path = BaseViewController.swift; sourceTree = "<group>"; };
		3F895CA9259352DE006CA7D2 /* WeatherServiceTests.swift */ = {isa = PBXFileReference; lastKnownFileType = sourcecode.swift; path = WeatherServiceTests.swift; sourceTree = "<group>"; };
		3F895CB4259359DD006CA7D2 /* UrlComponentsMock.swift */ = {isa = PBXFileReference; lastKnownFileType = sourcecode.swift; path = UrlComponentsMock.swift; sourceTree = "<group>"; };
		3F895CB925935A94006CA7D2 /* UrlComponentsProtocol.swift */ = {isa = PBXFileReference; lastKnownFileType = sourcecode.swift; path = UrlComponentsProtocol.swift; sourceTree = "<group>"; };
		3F8B99A225945E18007DFCC8 /* TranslateServiceTests.swift */ = {isa = PBXFileReference; lastKnownFileType = sourcecode.swift; path = TranslateServiceTests.swift; sourceTree = "<group>"; };
		3F8B99A725945EB2007DFCC8 /* NetworkManagerTranslateMock.swift */ = {isa = PBXFileReference; lastKnownFileType = sourcecode.swift; path = NetworkManagerTranslateMock.swift; sourceTree = "<group>"; };
		3F8B99AF259CD077007DFCC8 /* URLSessionMock.swift */ = {isa = PBXFileReference; lastKnownFileType = sourcecode.swift; path = URLSessionMock.swift; sourceTree = "<group>"; };
		3F8B99B4259CD0FF007DFCC8 /* NetworkManagerTests.swift */ = {isa = PBXFileReference; lastKnownFileType = sourcecode.swift; path = NetworkManagerTests.swift; sourceTree = "<group>"; };
		3F8B99B9259CD1E1007DFCC8 /* CodableMock.swift */ = {isa = PBXFileReference; lastKnownFileType = sourcecode.swift; path = CodableMock.swift; sourceTree = "<group>"; };
		3F8B99BE259CD29C007DFCC8 /* UrlSessionDataTaskMock.swift */ = {isa = PBXFileReference; lastKnownFileType = sourcecode.swift; path = UrlSessionDataTaskMock.swift; sourceTree = "<group>"; };
		3F8B99C7259CD736007DFCC8 /* FakeJson.json */ = {isa = PBXFileReference; lastKnownFileType = text.json; path = FakeJson.json; sourceTree = "<group>"; };
		3FA8EF682566102400C94AEB /* WeatherService.swift */ = {isa = PBXFileReference; lastKnownFileType = sourcecode.swift; path = WeatherService.swift; sourceTree = "<group>"; };
		3FB72FEB253548FF0081CEE7 /* WeatherResponse.swift */ = {isa = PBXFileReference; lastKnownFileType = sourcecode.swift; path = WeatherResponse.swift; sourceTree = "<group>"; };
		3FB7301425379B650081CEE7 /* TranslateViewController.swift */ = {isa = PBXFileReference; lastKnownFileType = sourcecode.swift; path = TranslateViewController.swift; sourceTree = "<group>"; };
		3FDC9E7D257C3A4C00E8D90C /* Currency.swift */ = {isa = PBXFileReference; lastKnownFileType = sourcecode.swift; path = Currency.swift; sourceTree = "<group>"; };
		3FDC9E85257C923700E8D90C /* Language.swift */ = {isa = PBXFileReference; lastKnownFileType = sourcecode.swift; path = Language.swift; sourceTree = "<group>"; };
		3FDC9E8A257C92FF00E8D90C /* TranslateService.swift */ = {isa = PBXFileReference; lastKnownFileType = sourcecode.swift; path = TranslateService.swift; sourceTree = "<group>"; };
		3FDC9E92258847EC00E8D90C /* CurrencyService.swift */ = {isa = PBXFileReference; lastKnownFileType = sourcecode.swift; path = CurrencyService.swift; sourceTree = "<group>"; };
		3FDC9E9D2589583500E8D90C /* NetworkManagerMock.swift */ = {isa = PBXFileReference; lastKnownFileType = sourcecode.swift; path = NetworkManagerMock.swift; sourceTree = "<group>"; };
		3FF22E9B255CED5500FE13A7 /* NetworkManager.swift */ = {isa = PBXFileReference; lastKnownFileType = sourcecode.swift; path = NetworkManager.swift; sourceTree = "<group>"; };
		3FF22EA0255CEEC700FE13A7 /* NetworkManagerError.swift */ = {isa = PBXFileReference; lastKnownFileType = sourcecode.swift; path = NetworkManagerError.swift; sourceTree = "<group>"; };
		3FF4CD63252CDF6E004DD82E /* Le Baluchon.app */ = {isa = PBXFileReference; explicitFileType = wrapper.application; includeInIndex = 0; path = "Le Baluchon.app"; sourceTree = BUILT_PRODUCTS_DIR; };
		3FF4CD66252CDF6E004DD82E /* AppDelegate.swift */ = {isa = PBXFileReference; lastKnownFileType = sourcecode.swift; path = AppDelegate.swift; sourceTree = "<group>"; };
		3FF4CD68252CDF6E004DD82E /* SceneDelegate.swift */ = {isa = PBXFileReference; lastKnownFileType = sourcecode.swift; path = SceneDelegate.swift; sourceTree = "<group>"; };
		3FF4CD6A252CDF6E004DD82E /* CurrencyViewController.swift */ = {isa = PBXFileReference; lastKnownFileType = sourcecode.swift; path = CurrencyViewController.swift; sourceTree = "<group>"; };
		3FF4CD6D252CDF6E004DD82E /* Base */ = {isa = PBXFileReference; lastKnownFileType = file.storyboard; name = Base; path = Base.lproj/Main.storyboard; sourceTree = "<group>"; };
		3FF4CD6F252CDF6F004DD82E /* Assets.xcassets */ = {isa = PBXFileReference; lastKnownFileType = folder.assetcatalog; path = Assets.xcassets; sourceTree = "<group>"; };
		3FF4CD72252CDF6F004DD82E /* Base */ = {isa = PBXFileReference; lastKnownFileType = file.storyboard; name = Base; path = Base.lproj/LaunchScreen.storyboard; sourceTree = "<group>"; };
		3FF4CD74252CDF6F004DD82E /* Info.plist */ = {isa = PBXFileReference; lastKnownFileType = text.plist.xml; path = Info.plist; sourceTree = "<group>"; };
		3FF4CD79252CDF6F004DD82E /* Le BaluchonTests.xctest */ = {isa = PBXFileReference; explicitFileType = wrapper.cfbundle; includeInIndex = 0; path = "Le BaluchonTests.xctest"; sourceTree = BUILT_PRODUCTS_DIR; };
		3FF4CD7D252CDF6F004DD82E /* CurrencyServiceTests.swift */ = {isa = PBXFileReference; lastKnownFileType = sourcecode.swift; path = CurrencyServiceTests.swift; sourceTree = "<group>"; };
		3FF4CD7F252CDF6F004DD82E /* Info.plist */ = {isa = PBXFileReference; lastKnownFileType = text.plist.xml; path = Info.plist; sourceTree = "<group>"; };
		3FF4CD84252CDF6F004DD82E /* Le BaluchonUITests.xctest */ = {isa = PBXFileReference; explicitFileType = wrapper.cfbundle; includeInIndex = 0; path = "Le BaluchonUITests.xctest"; sourceTree = BUILT_PRODUCTS_DIR; };
		3FF4CD88252CDF6F004DD82E /* Le_BaluchonUITests.swift */ = {isa = PBXFileReference; lastKnownFileType = sourcecode.swift; path = Le_BaluchonUITests.swift; sourceTree = "<group>"; };
		3FF4CD8A252CDF6F004DD82E /* Info.plist */ = {isa = PBXFileReference; lastKnownFileType = text.plist.xml; path = Info.plist; sourceTree = "<group>"; };
		3FF4CDAA25336038004DD82E /* CurrencyResponse.swift */ = {isa = PBXFileReference; lastKnownFileType = sourcecode.swift; path = CurrencyResponse.swift; sourceTree = "<group>"; };
		3FF4CDAF2533679C004DD82E /* WeatherViewController.swift */ = {isa = PBXFileReference; lastKnownFileType = sourcecode.swift; path = WeatherViewController.swift; sourceTree = "<group>"; };
/* End PBXFileReference section */

/* Begin PBXFrameworksBuildPhase section */
		3FF4CD60252CDF6E004DD82E /* Frameworks */ = {
			isa = PBXFrameworksBuildPhase;
			buildActionMask = 2147483647;
			files = (
			);
			runOnlyForDeploymentPostprocessing = 0;
		};
		3FF4CD76252CDF6F004DD82E /* Frameworks */ = {
			isa = PBXFrameworksBuildPhase;
			buildActionMask = 2147483647;
			files = (
			);
			runOnlyForDeploymentPostprocessing = 0;
		};
		3FF4CD81252CDF6F004DD82E /* Frameworks */ = {
			isa = PBXFrameworksBuildPhase;
			buildActionMask = 2147483647;
			files = (
			);
			runOnlyForDeploymentPostprocessing = 0;
		};
/* End PBXFrameworksBuildPhase section */

/* Begin PBXGroup section */
		3F895CA125935244006CA7D2 /* Mocks */ = {
			isa = PBXGroup;
			children = (
				3FDC9E9D2589583500E8D90C /* NetworkManagerMock.swift */,
				3F8B99A725945EB2007DFCC8 /* NetworkManagerTranslateMock.swift */,
				3F4ED5AD258ED8AD00069785 /* NetworkManagerWeatherMock.swift */,
				3F895CB4259359DD006CA7D2 /* UrlComponentsMock.swift */,
				3F8B99AF259CD077007DFCC8 /* URLSessionMock.swift */,
				3F8B99B9259CD1E1007DFCC8 /* CodableMock.swift */,
				3F8B99BE259CD29C007DFCC8 /* UrlSessionDataTaskMock.swift */,
			);
			path = Mocks;
			sourceTree = "<group>";
		};
		3F895CA8259352B0006CA7D2 /* TestClasses */ = {
			isa = PBXGroup;
			children = (
				3F8B99C7259CD736007DFCC8 /* FakeJson.json */,
				3FF4CD7D252CDF6F004DD82E /* CurrencyServiceTests.swift */,
				3F8B99A225945E18007DFCC8 /* TranslateServiceTests.swift */,
				3F895CA9259352DE006CA7D2 /* WeatherServiceTests.swift */,
				3F8B99B4259CD0FF007DFCC8 /* NetworkManagerTests.swift */,
			);
			path = TestClasses;
			sourceTree = "<group>";
		};
		3FF22EA5255CEEF600FE13A7 /* Model */ = {
			isa = PBXGroup;
			children = (
				3FF22EA0255CEEC700FE13A7 /* NetworkManagerError.swift */,
				3FF22E9B255CED5500FE13A7 /* NetworkManager.swift */,
				3FDC9E7D257C3A4C00E8D90C /* Currency.swift */,
				3FDC9E85257C923700E8D90C /* Language.swift */,
				3FB72FEB253548FF0081CEE7 /* WeatherResponse.swift */,
				3F074E47253FDD6800326FC0 /* TranslateResponse.swift */,
				3FDC9E8A257C92FF00E8D90C /* TranslateService.swift */,
				3FA8EF682566102400C94AEB /* WeatherService.swift */,
				3FDC9E92258847EC00E8D90C /* CurrencyService.swift */,
				3FF4CDAA25336038004DD82E /* CurrencyResponse.swift */,
				3F895CB925935A94006CA7D2 /* UrlComponentsProtocol.swift */,
			);
			path = Model;
			sourceTree = "<group>";
		};
		3FF22EA6255CEF1D00FE13A7 /* Controller */ = {
			isa = PBXGroup;
			children = (
				3F62CC872564024800A8C60F /* AlertManagerController.swift */,
				3F62CC8F2564332000A8C60F /* BaseViewController.swift */,
				3FF4CD6A252CDF6E004DD82E /* CurrencyViewController.swift */,
				3FF4CDAF2533679C004DD82E /* WeatherViewController.swift */,
				3FB7301425379B650081CEE7 /* TranslateViewController.swift */,
			);
			path = Controller;
			sourceTree = "<group>";
		};
		3FF22EA7255CEF4600FE13A7 /* View */ = {
			isa = PBXGroup;
			children = (
				3FF4CD6C252CDF6E004DD82E /* Main.storyboard */,
				3FF4CD71252CDF6F004DD82E /* LaunchScreen.storyboard */,
			);
			path = View;
			sourceTree = "<group>";
		};
		3FF22EA8255CEF6600FE13A7 /* Others */ = {
			isa = PBXGroup;
			children = (
				3FF4CD66252CDF6E004DD82E /* AppDelegate.swift */,
				3FF4CD68252CDF6E004DD82E /* SceneDelegate.swift */,
			);
			path = Others;
			sourceTree = "<group>";
		};
		3FF4CD5A252CDF6E004DD82E = {
			isa = PBXGroup;
			children = (
				3FF4CD65252CDF6E004DD82E /* Le Baluchon */,
				3FF4CD7C252CDF6F004DD82E /* Le BaluchonTests */,
				3FF4CD87252CDF6F004DD82E /* Le BaluchonUITests */,
				3FF4CD64252CDF6E004DD82E /* Products */,
			);
			sourceTree = "<group>";
		};
		3FF4CD64252CDF6E004DD82E /* Products */ = {
			isa = PBXGroup;
			children = (
				3FF4CD63252CDF6E004DD82E /* Le Baluchon.app */,
				3FF4CD79252CDF6F004DD82E /* Le BaluchonTests.xctest */,
				3FF4CD84252CDF6F004DD82E /* Le BaluchonUITests.xctest */,
			);
			name = Products;
			sourceTree = "<group>";
		};
		3FF4CD65252CDF6E004DD82E /* Le Baluchon */ = {
			isa = PBXGroup;
			children = (
				3FF22EA5255CEEF600FE13A7 /* Model */,
				3FF22EA7255CEF4600FE13A7 /* View */,
				3FF22EA6255CEF1D00FE13A7 /* Controller */,
				3FF22EA8255CEF6600FE13A7 /* Others */,
				3FF4CD6F252CDF6F004DD82E /* Assets.xcassets */,
				3FF4CD74252CDF6F004DD82E /* Info.plist */,
			);
			path = "Le Baluchon";
			sourceTree = "<group>";
		};
		3FF4CD7C252CDF6F004DD82E /* Le BaluchonTests */ = {
			isa = PBXGroup;
			children = (
				3F895CA8259352B0006CA7D2 /* TestClasses */,
				3F895CA125935244006CA7D2 /* Mocks */,
				3FF4CD7F252CDF6F004DD82E /* Info.plist */,
			);
			path = "Le BaluchonTests";
			sourceTree = "<group>";
		};
		3FF4CD87252CDF6F004DD82E /* Le BaluchonUITests */ = {
			isa = PBXGroup;
			children = (
				3FF4CD88252CDF6F004DD82E /* Le_BaluchonUITests.swift */,
				3FF4CD8A252CDF6F004DD82E /* Info.plist */,
			);
			path = "Le BaluchonUITests";
			sourceTree = "<group>";
		};
/* End PBXGroup section */

/* Begin PBXNativeTarget section */
		3FF4CD62252CDF6E004DD82E /* Le Baluchon */ = {
			isa = PBXNativeTarget;
			buildConfigurationList = 3FF4CD8D252CDF6F004DD82E /* Build configuration list for PBXNativeTarget "Le Baluchon" */;
			buildPhases = (
				3FF4CD5F252CDF6E004DD82E /* Sources */,
				3FF4CD60252CDF6E004DD82E /* Frameworks */,
				3FF4CD61252CDF6E004DD82E /* Resources */,
			);
			buildRules = (
			);
			dependencies = (
			);
			name = "Le Baluchon";
			productName = "Le Baluchon";
			productReference = 3FF4CD63252CDF6E004DD82E /* Le Baluchon.app */;
			productType = "com.apple.product-type.application";
		};
		3FF4CD78252CDF6F004DD82E /* Le BaluchonTests */ = {
			isa = PBXNativeTarget;
			buildConfigurationList = 3FF4CD90252CDF6F004DD82E /* Build configuration list for PBXNativeTarget "Le BaluchonTests" */;
			buildPhases = (
				3FF4CD75252CDF6F004DD82E /* Sources */,
				3FF4CD76252CDF6F004DD82E /* Frameworks */,
				3FF4CD77252CDF6F004DD82E /* Resources */,
			);
			buildRules = (
			);
			dependencies = (
				3FF4CD7B252CDF6F004DD82E /* PBXTargetDependency */,
			);
			name = "Le BaluchonTests";
			productName = "Le BaluchonTests";
			productReference = 3FF4CD79252CDF6F004DD82E /* Le BaluchonTests.xctest */;
			productType = "com.apple.product-type.bundle.unit-test";
		};
		3FF4CD83252CDF6F004DD82E /* Le BaluchonUITests */ = {
			isa = PBXNativeTarget;
			buildConfigurationList = 3FF4CD93252CDF6F004DD82E /* Build configuration list for PBXNativeTarget "Le BaluchonUITests" */;
			buildPhases = (
				3FF4CD80252CDF6F004DD82E /* Sources */,
				3FF4CD81252CDF6F004DD82E /* Frameworks */,
				3FF4CD82252CDF6F004DD82E /* Resources */,
			);
			buildRules = (
			);
			dependencies = (
				3FF4CD86252CDF6F004DD82E /* PBXTargetDependency */,
			);
			name = "Le BaluchonUITests";
			productName = "Le BaluchonUITests";
			productReference = 3FF4CD84252CDF6F004DD82E /* Le BaluchonUITests.xctest */;
			productType = "com.apple.product-type.bundle.ui-testing";
		};
/* End PBXNativeTarget section */

/* Begin PBXProject section */
		3FF4CD5B252CDF6E004DD82E /* Project object */ = {
			isa = PBXProject;
			attributes = {
				LastSwiftUpdateCheck = 1200;
				LastUpgradeCheck = 1200;
				TargetAttributes = {
					3FF4CD62252CDF6E004DD82E = {
						CreatedOnToolsVersion = 12.0.1;
					};
					3FF4CD78252CDF6F004DD82E = {
						CreatedOnToolsVersion = 12.0.1;
						TestTargetID = 3FF4CD62252CDF6E004DD82E;
					};
					3FF4CD83252CDF6F004DD82E = {
						CreatedOnToolsVersion = 12.0.1;
						TestTargetID = 3FF4CD62252CDF6E004DD82E;
					};
				};
			};
			buildConfigurationList = 3FF4CD5E252CDF6E004DD82E /* Build configuration list for PBXProject "Le Baluchon" */;
			compatibilityVersion = "Xcode 9.3";
			developmentRegion = en;
			hasScannedForEncodings = 0;
			knownRegions = (
				en,
				Base,
			);
			mainGroup = 3FF4CD5A252CDF6E004DD82E;
			productRefGroup = 3FF4CD64252CDF6E004DD82E /* Products */;
			projectDirPath = "";
			projectRoot = "";
			targets = (
				3FF4CD62252CDF6E004DD82E /* Le Baluchon */,
				3FF4CD78252CDF6F004DD82E /* Le BaluchonTests */,
				3FF4CD83252CDF6F004DD82E /* Le BaluchonUITests */,
			);
		};
/* End PBXProject section */

/* Begin PBXResourcesBuildPhase section */
		3FF4CD61252CDF6E004DD82E /* Resources */ = {
			isa = PBXResourcesBuildPhase;
			buildActionMask = 2147483647;
			files = (
				3FB73010253550D60081CEE7 /* Main.storyboard in Resources */,
				3FF4CD73252CDF6F004DD82E /* LaunchScreen.storyboard in Resources */,
				3FF4CD70252CDF6F004DD82E /* Assets.xcassets in Resources */,
			);
			runOnlyForDeploymentPostprocessing = 0;
		};
		3FF4CD77252CDF6F004DD82E /* Resources */ = {
			isa = PBXResourcesBuildPhase;
			buildActionMask = 2147483647;
			files = (
				3F8B99F2259CDC52007DFCC8 /* FakeJson.json in Resources */,
			);
			runOnlyForDeploymentPostprocessing = 0;
		};
		3FF4CD82252CDF6F004DD82E /* Resources */ = {
			isa = PBXResourcesBuildPhase;
			buildActionMask = 2147483647;
			files = (
			);
			runOnlyForDeploymentPostprocessing = 0;
		};
/* End PBXResourcesBuildPhase section */

/* Begin PBXSourcesBuildPhase section */
		3FF4CD5F252CDF6E004DD82E /* Sources */ = {
			isa = PBXSourcesBuildPhase;
			buildActionMask = 2147483647;
			files = (
				3FDC9E8B257C92FF00E8D90C /* TranslateService.swift in Sources */,
				3FF22E9C255CED5500FE13A7 /* NetworkManager.swift in Sources */,
				3F62CC882564024800A8C60F /* AlertManagerController.swift in Sources */,
				3F895CBA25935A94006CA7D2 /* UrlComponentsProtocol.swift in Sources */,
				3FF22EA1255CEEC700FE13A7 /* NetworkManagerError.swift in Sources */,
				3FF4CD67252CDF6E004DD82E /* AppDelegate.swift in Sources */,
				3FB72FEC253548FF0081CEE7 /* WeatherResponse.swift in Sources */,
				3F62CC902564332000A8C60F /* BaseViewController.swift in Sources */,
				3FDC9E86257C923700E8D90C /* Language.swift in Sources */,
				3FF4CD9F253352BC004DD82E /* CurrencyViewController.swift in Sources */,
				3FF4CD69252CDF6E004DD82E /* SceneDelegate.swift in Sources */,
				3FF4CDAB25336038004DD82E /* CurrencyResponse.swift in Sources */,
				3FDC9E7E257C3A4C00E8D90C /* Currency.swift in Sources */,
				3FDC9E93258847EC00E8D90C /* CurrencyService.swift in Sources */,
				3F074E4F253FF17000326FC0 /* WeatherViewController.swift in Sources */,
				3FB7301525379B650081CEE7 /* TranslateViewController.swift in Sources */,
				3F074E48253FDD6800326FC0 /* TranslateResponse.swift in Sources */,
				3FA8EF692566102400C94AEB /* WeatherService.swift in Sources */,
			);
			runOnlyForDeploymentPostprocessing = 0;
		};
		3FF4CD75252CDF6F004DD82E /* Sources */ = {
			isa = PBXSourcesBuildPhase;
			buildActionMask = 2147483647;
			files = (
				3F8B99BF259CD29C007DFCC8 /* UrlSessionDataTaskMock.swift in Sources */,
				3F8B99B5259CD0FF007DFCC8 /* NetworkManagerTests.swift in Sources */,
				3F8B99B0259CD077007DFCC8 /* URLSessionMock.swift in Sources */,
				3F895CAA259352DE006CA7D2 /* WeatherServiceTests.swift in Sources */,
				3F4ED5AE258ED8AD00069785 /* NetworkManagerWeatherMock.swift in Sources */,
				3F8B99BA259CD1E1007DFCC8 /* CodableMock.swift in Sources */,
				3F8B99A325945E18007DFCC8 /* TranslateServiceTests.swift in Sources */,
				3F895CB5259359DD006CA7D2 /* UrlComponentsMock.swift in Sources */,
				3F8B99A825945EB2007DFCC8 /* NetworkManagerTranslateMock.swift in Sources */,
				3FDC9EA22589584900E8D90C /* NetworkManagerMock.swift in Sources */,
				3FF4CD7E252CDF6F004DD82E /* CurrencyServiceTests.swift in Sources */,
			);
			runOnlyForDeploymentPostprocessing = 0;
		};
		3FF4CD80252CDF6F004DD82E /* Sources */ = {
			isa = PBXSourcesBuildPhase;
			buildActionMask = 2147483647;
			files = (
				3FF4CD89252CDF6F004DD82E /* Le_BaluchonUITests.swift in Sources */,
			);
			runOnlyForDeploymentPostprocessing = 0;
		};
/* End PBXSourcesBuildPhase section */

/* Begin PBXTargetDependency section */
		3FF4CD7B252CDF6F004DD82E /* PBXTargetDependency */ = {
			isa = PBXTargetDependency;
			target = 3FF4CD62252CDF6E004DD82E /* Le Baluchon */;
			targetProxy = 3FF4CD7A252CDF6F004DD82E /* PBXContainerItemProxy */;
		};
		3FF4CD86252CDF6F004DD82E /* PBXTargetDependency */ = {
			isa = PBXTargetDependency;
			target = 3FF4CD62252CDF6E004DD82E /* Le Baluchon */;
			targetProxy = 3FF4CD85252CDF6F004DD82E /* PBXContainerItemProxy */;
		};
/* End PBXTargetDependency section */

/* Begin PBXVariantGroup section */
		3FF4CD6C252CDF6E004DD82E /* Main.storyboard */ = {
			isa = PBXVariantGroup;
			children = (
				3FF4CD6D252CDF6E004DD82E /* Base */,
			);
			name = Main.storyboard;
			sourceTree = "<group>";
		};
		3FF4CD71252CDF6F004DD82E /* LaunchScreen.storyboard */ = {
			isa = PBXVariantGroup;
			children = (
				3FF4CD72252CDF6F004DD82E /* Base */,
			);
			name = LaunchScreen.storyboard;
			sourceTree = "<group>";
		};
/* End PBXVariantGroup section */

/* Begin XCBuildConfiguration section */
		3FF4CD8B252CDF6F004DD82E /* Debug */ = {
			isa = XCBuildConfiguration;
			buildSettings = {
				ALWAYS_SEARCH_USER_PATHS = NO;
				CLANG_ANALYZER_NONNULL = YES;
				CLANG_ANALYZER_NUMBER_OBJECT_CONVERSION = YES_AGGRESSIVE;
				CLANG_CXX_LANGUAGE_STANDARD = "gnu++14";
				CLANG_CXX_LIBRARY = "libc++";
				CLANG_ENABLE_MODULES = YES;
				CLANG_ENABLE_OBJC_ARC = YES;
				CLANG_ENABLE_OBJC_WEAK = YES;
				CLANG_WARN_BLOCK_CAPTURE_AUTORELEASING = YES;
				CLANG_WARN_BOOL_CONVERSION = YES;
				CLANG_WARN_COMMA = YES;
				CLANG_WARN_CONSTANT_CONVERSION = YES;
				CLANG_WARN_DEPRECATED_OBJC_IMPLEMENTATIONS = YES;
				CLANG_WARN_DIRECT_OBJC_ISA_USAGE = YES_ERROR;
				CLANG_WARN_DOCUMENTATION_COMMENTS = YES;
				CLANG_WARN_EMPTY_BODY = YES;
				CLANG_WARN_ENUM_CONVERSION = YES;
				CLANG_WARN_INFINITE_RECURSION = YES;
				CLANG_WARN_INT_CONVERSION = YES;
				CLANG_WARN_NON_LITERAL_NULL_CONVERSION = YES;
				CLANG_WARN_OBJC_IMPLICIT_RETAIN_SELF = YES;
				CLANG_WARN_OBJC_LITERAL_CONVERSION = YES;
				CLANG_WARN_OBJC_ROOT_CLASS = YES_ERROR;
				CLANG_WARN_QUOTED_INCLUDE_IN_FRAMEWORK_HEADER = YES;
				CLANG_WARN_RANGE_LOOP_ANALYSIS = YES;
				CLANG_WARN_STRICT_PROTOTYPES = YES;
				CLANG_WARN_SUSPICIOUS_MOVE = YES;
				CLANG_WARN_UNGUARDED_AVAILABILITY = YES_AGGRESSIVE;
				CLANG_WARN_UNREACHABLE_CODE = YES;
				CLANG_WARN__DUPLICATE_METHOD_MATCH = YES;
				COPY_PHASE_STRIP = NO;
				DEBUG_INFORMATION_FORMAT = dwarf;
				ENABLE_STRICT_OBJC_MSGSEND = YES;
				ENABLE_TESTABILITY = YES;
				GCC_C_LANGUAGE_STANDARD = gnu11;
				GCC_DYNAMIC_NO_PIC = NO;
				GCC_NO_COMMON_BLOCKS = YES;
				GCC_OPTIMIZATION_LEVEL = 0;
				GCC_PREPROCESSOR_DEFINITIONS = (
					"DEBUG=1",
					"$(inherited)",
				);
				GCC_WARN_64_TO_32_BIT_CONVERSION = YES;
				GCC_WARN_ABOUT_RETURN_TYPE = YES_ERROR;
				GCC_WARN_UNDECLARED_SELECTOR = YES;
				GCC_WARN_UNINITIALIZED_AUTOS = YES_AGGRESSIVE;
				GCC_WARN_UNUSED_FUNCTION = YES;
				GCC_WARN_UNUSED_VARIABLE = YES;
				IPHONEOS_DEPLOYMENT_TARGET = 14.0;
				MTL_ENABLE_DEBUG_INFO = INCLUDE_SOURCE;
				MTL_FAST_MATH = YES;
				ONLY_ACTIVE_ARCH = YES;
				SDKROOT = iphoneos;
				SWIFT_ACTIVE_COMPILATION_CONDITIONS = DEBUG;
				SWIFT_OPTIMIZATION_LEVEL = "-Onone";
			};
			name = Debug;
		};
		3FF4CD8C252CDF6F004DD82E /* Release */ = {
			isa = XCBuildConfiguration;
			buildSettings = {
				ALWAYS_SEARCH_USER_PATHS = NO;
				CLANG_ANALYZER_NONNULL = YES;
				CLANG_ANALYZER_NUMBER_OBJECT_CONVERSION = YES_AGGRESSIVE;
				CLANG_CXX_LANGUAGE_STANDARD = "gnu++14";
				CLANG_CXX_LIBRARY = "libc++";
				CLANG_ENABLE_MODULES = YES;
				CLANG_ENABLE_OBJC_ARC = YES;
				CLANG_ENABLE_OBJC_WEAK = YES;
				CLANG_WARN_BLOCK_CAPTURE_AUTORELEASING = YES;
				CLANG_WARN_BOOL_CONVERSION = YES;
				CLANG_WARN_COMMA = YES;
				CLANG_WARN_CONSTANT_CONVERSION = YES;
				CLANG_WARN_DEPRECATED_OBJC_IMPLEMENTATIONS = YES;
				CLANG_WARN_DIRECT_OBJC_ISA_USAGE = YES_ERROR;
				CLANG_WARN_DOCUMENTATION_COMMENTS = YES;
				CLANG_WARN_EMPTY_BODY = YES;
				CLANG_WARN_ENUM_CONVERSION = YES;
				CLANG_WARN_INFINITE_RECURSION = YES;
				CLANG_WARN_INT_CONVERSION = YES;
				CLANG_WARN_NON_LITERAL_NULL_CONVERSION = YES;
				CLANG_WARN_OBJC_IMPLICIT_RETAIN_SELF = YES;
				CLANG_WARN_OBJC_LITERAL_CONVERSION = YES;
				CLANG_WARN_OBJC_ROOT_CLASS = YES_ERROR;
				CLANG_WARN_QUOTED_INCLUDE_IN_FRAMEWORK_HEADER = YES;
				CLANG_WARN_RANGE_LOOP_ANALYSIS = YES;
				CLANG_WARN_STRICT_PROTOTYPES = YES;
				CLANG_WARN_SUSPICIOUS_MOVE = YES;
				CLANG_WARN_UNGUARDED_AVAILABILITY = YES_AGGRESSIVE;
				CLANG_WARN_UNREACHABLE_CODE = YES;
				CLANG_WARN__DUPLICATE_METHOD_MATCH = YES;
				COPY_PHASE_STRIP = NO;
				DEBUG_INFORMATION_FORMAT = "dwarf-with-dsym";
				ENABLE_NS_ASSERTIONS = NO;
				ENABLE_STRICT_OBJC_MSGSEND = YES;
				GCC_C_LANGUAGE_STANDARD = gnu11;
				GCC_NO_COMMON_BLOCKS = YES;
				GCC_WARN_64_TO_32_BIT_CONVERSION = YES;
				GCC_WARN_ABOUT_RETURN_TYPE = YES_ERROR;
				GCC_WARN_UNDECLARED_SELECTOR = YES;
				GCC_WARN_UNINITIALIZED_AUTOS = YES_AGGRESSIVE;
				GCC_WARN_UNUSED_FUNCTION = YES;
				GCC_WARN_UNUSED_VARIABLE = YES;
				IPHONEOS_DEPLOYMENT_TARGET = 14.0;
				MTL_ENABLE_DEBUG_INFO = NO;
				MTL_FAST_MATH = YES;
				SDKROOT = iphoneos;
				SWIFT_COMPILATION_MODE = wholemodule;
				SWIFT_OPTIMIZATION_LEVEL = "-O";
				VALIDATE_PRODUCT = YES;
			};
			name = Release;
		};
		3FF4CD8E252CDF6F004DD82E /* Debug */ = {
			isa = XCBuildConfiguration;
			buildSettings = {
				ASSETCATALOG_COMPILER_APPICON_NAME = AppIcon;
				ASSETCATALOG_COMPILER_GLOBAL_ACCENT_COLOR_NAME = AccentColor;
				CODE_SIGN_STYLE = Automatic;
				DEVELOPMENT_TEAM = BAJKB9L735;
				INFOPLIST_FILE = "Le Baluchon/Info.plist";
				IPHONEOS_DEPLOYMENT_TARGET = 11.0;
				LD_RUNPATH_SEARCH_PATHS = (
					"$(inherited)",
					"@executable_path/Frameworks",
				);
				PRODUCT_BUNDLE_IDENTIFIER = "com.saddam.Le-Baluchon";
				PRODUCT_NAME = "$(TARGET_NAME)";
				SWIFT_VERSION = 5.0;
				TARGETED_DEVICE_FAMILY = 1;
			};
			name = Debug;
		};
		3FF4CD8F252CDF6F004DD82E /* Release */ = {
			isa = XCBuildConfiguration;
			buildSettings = {
				ASSETCATALOG_COMPILER_APPICON_NAME = AppIcon;
				ASSETCATALOG_COMPILER_GLOBAL_ACCENT_COLOR_NAME = AccentColor;
				CODE_SIGN_STYLE = Automatic;
				DEVELOPMENT_TEAM = BAJKB9L735;
				INFOPLIST_FILE = "Le Baluchon/Info.plist";
				IPHONEOS_DEPLOYMENT_TARGET = 11.0;
				LD_RUNPATH_SEARCH_PATHS = (
					"$(inherited)",
					"@executable_path/Frameworks",
				);
				PRODUCT_BUNDLE_IDENTIFIER = "com.saddam.Le-Baluchon";
				PRODUCT_NAME = "$(TARGET_NAME)";
				SWIFT_VERSION = 5.0;
				TARGETED_DEVICE_FAMILY = 1;
			};
			name = Release;
		};
		3FF4CD91252CDF6F004DD82E /* Debug */ = {
			isa = XCBuildConfiguration;
			buildSettings = {
				ALWAYS_EMBED_SWIFT_STANDARD_LIBRARIES = YES;
				BUNDLE_LOADER = "$(TEST_HOST)";
				CODE_SIGN_STYLE = Automatic;
				DEVELOPMENT_TEAM = BAJKB9L735;
				INFOPLIST_FILE = "Le BaluchonTests/Info.plist";
				IPHONEOS_DEPLOYMENT_TARGET = 14.0;
				LD_RUNPATH_SEARCH_PATHS = (
					"$(inherited)",
					"@executable_path/Frameworks",
					"@loader_path/Frameworks",
				);
				PRODUCT_BUNDLE_IDENTIFIER = "com.saddam.Le-BaluchonTests";
				PRODUCT_NAME = "$(TARGET_NAME)";
				SWIFT_VERSION = 5.0;
				TARGETED_DEVICE_FAMILY = "1,2";
				TEST_HOST = "$(BUILT_PRODUCTS_DIR)/Le Baluchon.app/Le Baluchon";
			};
			name = Debug;
		};
		3FF4CD92252CDF6F004DD82E /* Release */ = {
			isa = XCBuildConfiguration;
			buildSettings = {
				ALWAYS_EMBED_SWIFT_STANDARD_LIBRARIES = YES;
				BUNDLE_LOADER = "$(TEST_HOST)";
				CODE_SIGN_STYLE = Automatic;
				DEVELOPMENT_TEAM = BAJKB9L735;
				INFOPLIST_FILE = "Le BaluchonTests/Info.plist";
				IPHONEOS_DEPLOYMENT_TARGET = 14.0;
				LD_RUNPATH_SEARCH_PATHS = (
					"$(inherited)",
					"@executable_path/Frameworks",
					"@loader_path/Frameworks",
				);
				PRODUCT_BUNDLE_IDENTIFIER = "com.saddam.Le-BaluchonTests";
				PRODUCT_NAME = "$(TARGET_NAME)";
				SWIFT_VERSION = 5.0;
				TARGETED_DEVICE_FAMILY = "1,2";
				TEST_HOST = "$(BUILT_PRODUCTS_DIR)/Le Baluchon.app/Le Baluchon";
			};
			name = Release;
		};
		3FF4CD94252CDF6F004DD82E /* Debug */ = {
			isa = XCBuildConfiguration;
			buildSettings = {
				ALWAYS_EMBED_SWIFT_STANDARD_LIBRARIES = YES;
				CODE_SIGN_STYLE = Automatic;
				DEVELOPMENT_TEAM = BAJKB9L735;
				INFOPLIST_FILE = "Le BaluchonUITests/Info.plist";
				LD_RUNPATH_SEARCH_PATHS = (
					"$(inherited)",
					"@executable_path/Frameworks",
					"@loader_path/Frameworks",
				);
				PRODUCT_BUNDLE_IDENTIFIER = "com.saddam.Le-BaluchonUITests";
				PRODUCT_NAME = "$(TARGET_NAME)";
				SWIFT_VERSION = 5.0;
				TARGETED_DEVICE_FAMILY = "1,2";
				TEST_TARGET_NAME = "Le Baluchon";
			};
			name = Debug;
		};
		3FF4CD95252CDF6F004DD82E /* Release */ = {
			isa = XCBuildConfiguration;
			buildSettings = {
				ALWAYS_EMBED_SWIFT_STANDARD_LIBRARIES = YES;
				CODE_SIGN_STYLE = Automatic;
				DEVELOPMENT_TEAM = BAJKB9L735;
				INFOPLIST_FILE = "Le BaluchonUITests/Info.plist";
				LD_RUNPATH_SEARCH_PATHS = (
					"$(inherited)",
					"@executable_path/Frameworks",
					"@loader_path/Frameworks",
				);
				PRODUCT_BUNDLE_IDENTIFIER = "com.saddam.Le-BaluchonUITests";
				PRODUCT_NAME = "$(TARGET_NAME)";
				SWIFT_VERSION = 5.0;
				TARGETED_DEVICE_FAMILY = "1,2";
				TEST_TARGET_NAME = "Le Baluchon";
			};
			name = Release;
		};
/* End XCBuildConfiguration section */

/* Begin XCConfigurationList section */
		3FF4CD5E252CDF6E004DD82E /* Build configuration list for PBXProject "Le Baluchon" */ = {
			isa = XCConfigurationList;
			buildConfigurations = (
				3FF4CD8B252CDF6F004DD82E /* Debug */,
				3FF4CD8C252CDF6F004DD82E /* Release */,
			);
			defaultConfigurationIsVisible = 0;
			defaultConfigurationName = Release;
		};
		3FF4CD8D252CDF6F004DD82E /* Build configuration list for PBXNativeTarget "Le Baluchon" */ = {
			isa = XCConfigurationList;
			buildConfigurations = (
				3FF4CD8E252CDF6F004DD82E /* Debug */,
				3FF4CD8F252CDF6F004DD82E /* Release */,
			);
			defaultConfigurationIsVisible = 0;
			defaultConfigurationName = Release;
		};
		3FF4CD90252CDF6F004DD82E /* Build configuration list for PBXNativeTarget "Le BaluchonTests" */ = {
			isa = XCConfigurationList;
			buildConfigurations = (
				3FF4CD91252CDF6F004DD82E /* Debug */,
				3FF4CD92252CDF6F004DD82E /* Release */,
			);
			defaultConfigurationIsVisible = 0;
			defaultConfigurationName = Release;
		};
		3FF4CD93252CDF6F004DD82E /* Build configuration list for PBXNativeTarget "Le BaluchonUITests" */ = {
			isa = XCConfigurationList;
			buildConfigurations = (
				3FF4CD94252CDF6F004DD82E /* Debug */,
				3FF4CD95252CDF6F004DD82E /* Release */,
			);
			defaultConfigurationIsVisible = 0;
			defaultConfigurationName = Release;
		};
/* End XCConfigurationList section */
	};
	rootObject = 3FF4CD5B252CDF6E004DD82E /* Project object */;
}
